
Microsoft Visual Studio Solution File, Format Version 12.00
Project("{FAE04EC0-301F-11D3-BF4B-00C04F79EFBC}") = "Dependency_Injection_LifeTime", "Dependency_Injection_LifeTime\Dependency_Injection_LifeTime.csproj", "{8C47D7C0-4670-45AA-AEF2-29C973A54F55}"
EndProject
Global
	GlobalSection(SolutionConfigurationPlatforms) = preSolution
		Debug|Any CPU = Debug|Any CPU
		Release|Any CPU = Release|Any CPU
	EndGlobalSection
	GlobalSection(ProjectConfigurationPlatforms) = postSolution
		{8C47D7C0-4670-45AA-AEF2-29C973A54F55}.Debug|Any CPU.ActiveCfg = Debug|Any CPU
		{8C47D7C0-4670-45AA-AEF2-29C973A54F55}.Debug|Any CPU.Build.0 = Debug|Any CPU
		{8C47D7C0-4670-45AA-AEF2-29C973A54F55}.Release|Any CPU.ActiveCfg = Release|Any CPU
		{8C47D7C0-4670-45AA-AEF2-29C973A54F55}.Release|Any CPU.Build.0 = Release|Any CPU
	EndGlobalSection
EndGlobal
